<?xml version="1.0" encoding="utf-8"?>
<Project ToolsVersion="4.0" xmlns="http://schemas.microsoft.com/developer/msbuild/2003">
  <ItemGroup>
    <Filter Include="source">
      <UniqueIdentifier>{65eeff72-d5c1-498d-acd9-3983b5ff139e}</UniqueIdentifier>
    </Filter>
    <Filter Include="source\win32">
      <UniqueIdentifier>{c9712173-e81f-4935-9e16-89748fe626a6}</UniqueIdentifier>
    </Filter>
  </ItemGroup>
  <ItemGroup>
    <ClCompile Include="source\win32\dllmain.cpp">
      <Filter>source\win32</Filter>
    </ClCompile>
    <ClCompile Include="source\version.cpp" />
    <ClCompile Include="source\console.cpp" />
  </ItemGroup>
  <ItemGroup>
    <ClInclude Include="ecm\ecm_api.h" />
    <ClInclude Include="ecm\ecm_configs.h" />
    <ClInclude Include="resource.h" />
    <ClInclude Include="ecm\types\stdtypes.h" />
    <ClInclude Include="ecm\ecm_types.hpp" />
    <ClInclude Include="ecm\ecm_version.h" />
    <ClInclude Include="ecm\container\vector.hpp" />
    <ClInclude Include="ecm\container\iterator.hpp" />
    <ClInclude Include="ecm\ecm_console.h" />
    <ClInclude Include="ecm\types\color.h" />
  </ItemGroup>
  <ItemGroup>
    <ResourceCompile Include="ecm.rc" />
  </ItemGroup>
</Project>