<?xml version="1.0" encoding="utf-8"?>
<Project ToolsVersion="4.0" xmlns="http://schemas.microsoft.com/developer/msbuild/2003">
  <ItemGroup>
    <ClCompile Include="source\window\window.cpp" />
    <ClCompile Include="source\win32\dllmain_ecm.window.cpp" />
    <ClCompile Include="source\window\sdlrenderer.cpp" />
    <ClCompile Include="source\window\context.cpp" />
  </ItemGroup>
  <ItemGroup>
    <ClInclude Include="rsc\ecm.window.h" />
    <ClInclude Include="ecm\ecm_window.hpp" />
    <ClInclude Include="ecm\window\window.h" />
    <ClInclude Include="ecm\window\events.h" />
    <ClInclude Include="ecm\window\context.hpp" />
    <ClInclude Include="ecm\window\sdlrenderer.h" />
  </ItemGroup>
  <ItemGroup>
    <ResourceCompile Include="rsc\ecm.window.rc" />
  </ItemGroup>
  <ItemGroup>
    <None Include="ecm\window\context.inl" />
  </ItemGroup>
</Project>